
Microsoft Visual Studio Solution File, Format Version 12.00
# Visual Studio Version 16
VisualStudioVersion = 16.0.30621.155
MinimumVisualStudioVersion = 10.0.40219.1
Project("{FAE04EC0-301F-11D3-BF4B-00C04F79EFBC}") = "sinema", "sinema\sinema.csproj", "{86749885-BFD5-4BD8-9F28-3BE16A8B9226}"
EndProject
Project("{FAE04EC0-301F-11D3-BF4B-00C04F79EFBC}") = "siniflarim", "ClassLibrary2\siniflarim.csproj", "{1F3374C2-FBFA-47EA-978B-5843483E8925}"
EndProject
Global
	GlobalSection(SolutionConfigurationPlatforms) = preSolution
		Debug|Any CPU = Debug|Any CPU
		Release|Any CPU = Release|Any CPU
	EndGlobalSection
	GlobalSection(ProjectConfigurationPlatforms) = postSolution
		{86749885-BFD5-4BD8-9F28-3BE16A8B9226}.Debug|Any CPU.ActiveCfg = Debug|Any CPU
		{86749885-BFD5-4BD8-9F28-3BE16A8B9226}.Debug|Any CPU.Build.0 = Debug|Any CPU
		{86749885-BFD5-4BD8-9F28-3BE16A8B9226}.Release|Any CPU.ActiveCfg = Release|Any CPU
		{86749885-BFD5-4BD8-9F28-3BE16A8B9226}.Release|Any CPU.Build.0 = Release|Any CPU
		{1F3374C2-FBFA-47EA-978B-5843483E8925}.Debug|Any CPU.ActiveCfg = Debug|Any CPU
		{1F3374C2-FBFA-47EA-978B-5843483E8925}.Debug|Any CPU.Build.0 = Debug|Any CPU
		{1F3374C2-FBFA-47EA-978B-5843483E8925}.Release|Any CPU.ActiveCfg = Release|Any CPU
		{1F3374C2-FBFA-47EA-978B-5843483E8925}.Release|Any CPU.Build.0 = Release|Any CPU
	EndGlobalSection
	GlobalSection(SolutionProperties) = preSolution
		HideSolutionNode = FALSE
	EndGlobalSection
	GlobalSection(ExtensibilityGlobals) = postSolution
		SolutionGuid = {F93EB862-9FDF-4A1F-9919-04510814515E}
	EndGlobalSection
EndGlobal
